
Microsoft Visual Studio Solution File, Format Version 12.00
# Visual Studio Version 17
VisualStudioVersion = 17.4.33110.190
MinimumVisualStudioVersion = 10.0.40219.1
Project("{FAE04EC0-301F-11D3-BF4B-00C04F79EFBC}") = "SmartParking", "SmartParking.csproj", "{B07AE60E-F230-4C0F-809A-9FECE2D43664}"
EndProject
Global
	GlobalSection(SolutionConfigurationPlatforms) = preSolution
		Debug|Any CPU = Debug|Any CPU
		Release|Any CPU = Release|Any CPU
	EndGlobalSection
	GlobalSection(ProjectConfigurationPlatforms) = postSolution
		{B07AE60E-F230-4C0F-809A-9FECE2D43664}.Debug|Any CPU.ActiveCfg = Debug|Any CPU
		{B07AE60E-F230-4C0F-809A-9FECE2D43664}.Debug|Any CPU.Build.0 = Debug|Any CPU
		{B07AE60E-F230-4C0F-809A-9FECE2D43664}.Release|Any CPU.ActiveCfg = Release|Any CPU
		{B07AE60E-F230-4C0F-809A-9FECE2D43664}.Release|Any CPU.Build.0 = Release|Any CPU
	EndGlobalSection
	GlobalSection(SolutionProperties) = preSolution
		HideSolutionNode = FALSE
	EndGlobalSection
	GlobalSection(ExtensibilityGlobals) = postSolution
		SolutionGuid = {A6DDB66E-DDEB-4102-89EE-F1D41030B51F}
	EndGlobalSection
EndGlobal
